
Microsoft Visual Studio Solution File, Format Version 12.00
# Visual Studio Version 16
VisualStudioVersion = 16.0.30002.166
MinimumVisualStudioVersion = 10.0.40219.1
Project("{8BC9CEB8-8B4A-11D0-8D11-00A0C91BC942}") = "RemoteThreadShellcodeInjection", "RemoteThreadShellcodeInjection\RemoteThreadShellcodeInjection.vcxproj", "{E6AC55B7-3B7D-489E-92CF-6E9AE81EC181}"
EndProject
Project("{8BC9CEB8-8B4A-11D0-8D11-00A0C91BC942}") = "RemoteThreadDetectorDriver", "RemoteThreadDetectorDriver\RemoteThreadDetectorDriver.vcxproj", "{ACC08A63-A6C7-423C-8A89-207D85A56D7D}"
EndProject
Project("{8BC9CEB8-8B4A-11D0-8D11-00A0C91BC942}") = "LibraryHookingDriver", "LibraryHookingDriver\LibraryHookingDriver.vcxproj", "{1A61DF8C-AD01-4E7A-A5B8-32C680BBF96A}"
EndProject
Project("{8BC9CEB8-8B4A-11D0-8D11-00A0C91BC942}") = "LibraryHookingDll", "LibraryHookingDll\LibraryHookingDll.vcxproj", "{63D09047-C666-4F7A-84E7-0096A045BD5F}"
EndProject
Global
	GlobalSection(SolutionConfigurationPlatforms) = preSolution
		Debug|ARM = Debug|ARM
		Debug|ARM64 = Debug|ARM64
		Debug|x64 = Debug|x64
		Debug|x86 = Debug|x86
		Release|ARM = Release|ARM
		Release|ARM64 = Release|ARM64
		Release|x64 = Release|x64
		Release|x86 = Release|x86
	EndGlobalSection
	GlobalSection(ProjectConfigurationPlatforms) = postSolution
		{E6AC55B7-3B7D-489E-92CF-6E9AE81EC181}.Debug|ARM.ActiveCfg = Debug|Win32
		{E6AC55B7-3B7D-489E-92CF-6E9AE81EC181}.Debug|ARM64.ActiveCfg = Debug|Win32
		{E6AC55B7-3B7D-489E-92CF-6E9AE81EC181}.Debug|x64.ActiveCfg = Debug|x64
		{E6AC55B7-3B7D-489E-92CF-6E9AE81EC181}.Debug|x64.Build.0 = Debug|x64
		{E6AC55B7-3B7D-489E-92CF-6E9AE81EC181}.Debug|x86.ActiveCfg = Debug|Win32
		{E6AC55B7-3B7D-489E-92CF-6E9AE81EC181}.Debug|x86.Build.0 = Debug|Win32
		{E6AC55B7-3B7D-489E-92CF-6E9AE81EC181}.Release|ARM.ActiveCfg = Release|Win32
		{E6AC55B7-3B7D-489E-92CF-6E9AE81EC181}.Release|ARM64.ActiveCfg = Release|Win32
		{E6AC55B7-3B7D-489E-92CF-6E9AE81EC181}.Release|x64.ActiveCfg = Release|x64
		{E6AC55B7-3B7D-489E-92CF-6E9AE81EC181}.Release|x64.Build.0 = Release|x64
		{E6AC55B7-3B7D-489E-92CF-6E9AE81EC181}.Release|x86.ActiveCfg = Release|Win32
		{E6AC55B7-3B7D-489E-92CF-6E9AE81EC181}.Release|x86.Build.0 = Release|Win32
		{ACC08A63-A6C7-423C-8A89-207D85A56D7D}.Debug|ARM.ActiveCfg = Debug|ARM
		{ACC08A63-A6C7-423C-8A89-207D85A56D7D}.Debug|ARM.Build.0 = Debug|ARM
		{ACC08A63-A6C7-423C-8A89-207D85A56D7D}.Debug|ARM.Deploy.0 = Debug|ARM
		{ACC08A63-A6C7-423C-8A89-207D85A56D7D}.Debug|ARM64.ActiveCfg = Debug|ARM64
		{ACC08A63-A6C7-423C-8A89-207D85A56D7D}.Debug|ARM64.Build.0 = Debug|ARM64
		{ACC08A63-A6C7-423C-8A89-207D85A56D7D}.Debug|ARM64.Deploy.0 = Debug|ARM64
		{ACC08A63-A6C7-423C-8A89-207D85A56D7D}.Debug|x64.ActiveCfg = Debug|x64
		{ACC08A63-A6C7-423C-8A89-207D85A56D7D}.Debug|x64.Build.0 = Debug|x64
		{ACC08A63-A6C7-423C-8A89-207D85A56D7D}.Debug|x64.Deploy.0 = Debug|x64
		{ACC08A63-A6C7-423C-8A89-207D85A56D7D}.Debug|x86.ActiveCfg = Debug|Win32
		{ACC08A63-A6C7-423C-8A89-207D85A56D7D}.Debug|x86.Build.0 = Debug|Win32
		{ACC08A63-A6C7-423C-8A89-207D85A56D7D}.Debug|x86.Deploy.0 = Debug|Win32
		{ACC08A63-A6C7-423C-8A89-207D85A56D7D}.Release|ARM.ActiveCfg = Release|ARM
		{ACC08A63-A6C7-423C-8A89-207D85A56D7D}.Release|ARM.Build.0 = Release|ARM
		{ACC08A63-A6C7-423C-8A89-207D85A56D7D}.Release|ARM.Deploy.0 = Release|ARM
		{ACC08A63-A6C7-423C-8A89-207D85A56D7D}.Release|ARM64.ActiveCfg = Release|ARM64
		{ACC08A63-A6C7-423C-8A89-207D85A56D7D}.Release|ARM64.Build.0 = Release|ARM64
		{ACC08A63-A6C7-423C-8A89-207D85A56D7D}.Release|ARM64.Deploy.0 = Release|ARM64
		{ACC08A63-A6C7-423C-8A89-207D85A56D7D}.Release|x64.ActiveCfg = Release|x64
		{ACC08A63-A6C7-423C-8A89-207D85A56D7D}.Release|x64.Build.0 = Release|x64
		{ACC08A63-A6C7-423C-8A89-207D85A56D7D}.Release|x64.Deploy.0 = Release|x64
		{ACC08A63-A6C7-423C-8A89-207D85A56D7D}.Release|x86.ActiveCfg = Release|Win32
		{ACC08A63-A6C7-423C-8A89-207D85A56D7D}.Release|x86.Build.0 = Release|Win32
		{ACC08A63-A6C7-423C-8A89-207D85A56D7D}.Release|x86.Deploy.0 = Release|Win32
		{1A61DF8C-AD01-4E7A-A5B8-32C680BBF96A}.Debug|ARM.ActiveCfg = Debug|ARM
		{1A61DF8C-AD01-4E7A-A5B8-32C680BBF96A}.Debug|ARM.Build.0 = Debug|ARM
		{1A61DF8C-AD01-4E7A-A5B8-32C680BBF96A}.Debug|ARM.Deploy.0 = Debug|ARM
		{1A61DF8C-AD01-4E7A-A5B8-32C680BBF96A}.Debug|ARM64.ActiveCfg = Debug|ARM64
		{1A61DF8C-AD01-4E7A-A5B8-32C680BBF96A}.Debug|ARM64.Build.0 = Debug|ARM64
		{1A61DF8C-AD01-4E7A-A5B8-32C680BBF96A}.Debug|ARM64.Deploy.0 = Debug|ARM64
		{1A61DF8C-AD01-4E7A-A5B8-32C680BBF96A}.Debug|x64.ActiveCfg = Debug|x64
		{1A61DF8C-AD01-4E7A-A5B8-32C680BBF96A}.Debug|x64.Build.0 = Debug|x64
		{1A61DF8C-AD01-4E7A-A5B8-32C680BBF96A}.Debug|x64.Deploy.0 = Debug|x64
		{1A61DF8C-AD01-4E7A-A5B8-32C680BBF96A}.Debug|x86.ActiveCfg = Debug|Win32
		{1A61DF8C-AD01-4E7A-A5B8-32C680BBF96A}.Debug|x86.Build.0 = Debug|Win32
		{1A61DF8C-AD01-4E7A-A5B8-32C680BBF96A}.Debug|x86.Deploy.0 = Debug|Win32
		{1A61DF8C-AD01-4E7A-A5B8-32C680BBF96A}.Release|ARM.ActiveCfg = Release|ARM
		{1A61DF8C-AD01-4E7A-A5B8-32C680BBF96A}.Release|ARM.Build.0 = Release|ARM
		{1A61DF8C-AD01-4E7A-A5B8-32C680BBF96A}.Release|ARM.Deploy.0 = Release|ARM
		{1A61DF8C-AD01-4E7A-A5B8-32C680BBF96A}.Release|ARM64.ActiveCfg = Release|ARM64
		{1A61DF8C-AD01-4E7A-A5B8-32C680BBF96A}.Release|ARM64.Build.0 = Release|ARM64
		{1A61DF8C-AD01-4E7A-A5B8-32C680BBF96A}.Release|ARM64.Deploy.0 = Release|ARM64
		{1A61DF8C-AD01-4E7A-A5B8-32C680BBF96A}.Release|x64.ActiveCfg = Release|x64
		{1A61DF8C-AD01-4E7A-A5B8-32C680BBF96A}.Release|x64.Build.0 = Release|x64
		{1A61DF8C-AD01-4E7A-A5B8-32C680BBF96A}.Release|x64.Deploy.0 = Release|x64
		{1A61DF8C-AD01-4E7A-A5B8-32C680BBF96A}.Release|x86.ActiveCfg = Release|Win32
		{1A61DF8C-AD01-4E7A-A5B8-32C680BBF96A}.Release|x86.Build.0 = Release|Win32
		{1A61DF8C-AD01-4E7A-A5B8-32C680BBF96A}.Release|x86.Deploy.0 = Release|Win32
		{63D09047-C666-4F7A-84E7-0096A045BD5F}.Debug|ARM.ActiveCfg = Debug|Win32
		{63D09047-C666-4F7A-84E7-0096A045BD5F}.Debug|ARM64.ActiveCfg = Debug|Win32
		{63D09047-C666-4F7A-84E7-0096A045BD5F}.Debug|x64.ActiveCfg = Debug|x64
		{63D09047-C666-4F7A-84E7-0096A045BD5F}.Debug|x64.Build.0 = Debug|x64
		{63D09047-C666-4F7A-84E7-0096A045BD5F}.Debug|x86.ActiveCfg = Debug|Win32
		{63D09047-C666-4F7A-84E7-0096A045BD5F}.Debug|x86.Build.0 = Debug|Win32
		{63D09047-C666-4F7A-84E7-0096A045BD5F}.Release|ARM.ActiveCfg = Release|Win32
		{63D09047-C666-4F7A-84E7-0096A045BD5F}.Release|ARM64.ActiveCfg = Release|Win32
		{63D09047-C666-4F7A-84E7-0096A045BD5F}.Release|x64.ActiveCfg = Release|x64
		{63D09047-C666-4F7A-84E7-0096A045BD5F}.Release|x64.Build.0 = Release|x64
		{63D09047-C666-4F7A-84E7-0096A045BD5F}.Release|x86.ActiveCfg = Release|Win32
		{63D09047-C666-4F7A-84E7-0096A045BD5F}.Release|x86.Build.0 = Release|Win32
	EndGlobalSection
	GlobalSection(SolutionProperties) = preSolution
		HideSolutionNode = FALSE
	EndGlobalSection
	GlobalSection(ExtensibilityGlobals) = postSolution
		SolutionGuid = {085890E9-5EA0-45B1-8F9C-770EFF62131F}
	EndGlobalSection
EndGlobal
